
Microsoft Visual Studio Solution File, Format Version 12.00
# Visual Studio Version 16
VisualStudioVersion = 16.0.29806.167
MinimumVisualStudioVersion = 10.0.40219.1
Project("{9A19103F-16F7-4668-BE54-9A1E7A4F7556}") = "FeatherMap", "FeatherMap\FeatherMap.csproj", "{395564BA-7E95-40F1-A945-22C48FED0C64}"
EndProject
Project("{9A19103F-16F7-4668-BE54-9A1E7A4F7556}") = "Tests", "Tests\Tests.csproj", "{60D8909D-56B8-4D02-A3DA-93BD21154ECF}"
EndProject
Project("{9A19103F-16F7-4668-BE54-9A1E7A4F7556}") = "BenchmarkCore", "BenchmarkCore\BenchmarkCore.csproj", "{A6EE57E0-A541-4B3E-B536-7C0FC55BCD4D}"
EndProject
Global
	GlobalSection(SolutionConfigurationPlatforms) = preSolution
		Debug|Any CPU = Debug|Any CPU
		Release|Any CPU = Release|Any CPU
	EndGlobalSection
	GlobalSection(ProjectConfigurationPlatforms) = postSolution
		{395564BA-7E95-40F1-A945-22C48FED0C64}.Debug|Any CPU.ActiveCfg = Debug|Any CPU
		{395564BA-7E95-40F1-A945-22C48FED0C64}.Debug|Any CPU.Build.0 = Debug|Any CPU
		{395564BA-7E95-40F1-A945-22C48FED0C64}.Release|Any CPU.ActiveCfg = Release|Any CPU
		{395564BA-7E95-40F1-A945-22C48FED0C64}.Release|Any CPU.Build.0 = Release|Any CPU
		{60D8909D-56B8-4D02-A3DA-93BD21154ECF}.Debug|Any CPU.ActiveCfg = Debug|Any CPU
		{60D8909D-56B8-4D02-A3DA-93BD21154ECF}.Debug|Any CPU.Build.0 = Debug|Any CPU
		{60D8909D-56B8-4D02-A3DA-93BD21154ECF}.Release|Any CPU.ActiveCfg = Release|Any CPU
		{60D8909D-56B8-4D02-A3DA-93BD21154ECF}.Release|Any CPU.Build.0 = Release|Any CPU
		{A6EE57E0-A541-4B3E-B536-7C0FC55BCD4D}.Debug|Any CPU.ActiveCfg = Debug|Any CPU
		{A6EE57E0-A541-4B3E-B536-7C0FC55BCD4D}.Debug|Any CPU.Build.0 = Debug|Any CPU
		{A6EE57E0-A541-4B3E-B536-7C0FC55BCD4D}.Release|Any CPU.ActiveCfg = Release|Any CPU
		{A6EE57E0-A541-4B3E-B536-7C0FC55BCD4D}.Release|Any CPU.Build.0 = Release|Any CPU
	EndGlobalSection
	GlobalSection(SolutionProperties) = preSolution
		HideSolutionNode = FALSE
	EndGlobalSection
	GlobalSection(ExtensibilityGlobals) = postSolution
		SolutionGuid = {D550A76D-06BD-46A1-A713-5EE445E193CB}
	EndGlobalSection
EndGlobal
